{
    "_meta": {
        "hash": {
            "sha256": "b6dca6eecdc7f8c6b5354e1af27fe08f5967fc191beb41e640608543919d9a8d"
        },
        "pipfile-spec": 6,
        "requires": {
            "python_version": "3.7"
        },
        "sources": [
            {
                "name": "pypi",
                "url": "https://pypi.org/simple",
                "verify_ssl": true
            }
        ]
    },
    "default": {
        "absl-py": {
            "hashes": [
                "sha256:673cccb88d810e5627d0c1c818158485d106f65a583880e2f730c997399bcfa7",
                "sha256:b3d9eb5119ff6e0a0125f6dabf2f9fae02f8acae7be70576002fac27235611c5"
            ],
            "version": "==0.11.0"
        },
        "autograd": {
            "hashes": [
                "sha256:a15d147577e10de037de3740ca93bfa3b5a7cdfbc34cfb9105429c3580a33ec4"
            ],
            "index": "pypi",
            "version": "==1.3"
        },
        "backcall": {
            "hashes": [
                "sha256:5cbdbf27be5e7cfadb448baf0aa95508f91f2bbc6c6437cd9cd06e2a4c215e1e",
                "sha256:fbbce6a29f263178a1f7915c1940bde0ec2b2a967566fe1c65c1dfb7422bd255"
            ],
            "version": "==0.2.0"
        },
        "cffi": {
            "hashes": [
                "sha256:00a1ba5e2e95684448de9b89888ccd02c98d512064b4cb987d48f4b40aa0421e",
                "sha256:00e28066507bfc3fe865a31f325c8391a1ac2916219340f87dfad602c3e48e5d",
                "sha256:045d792900a75e8b1e1b0ab6787dd733a8190ffcf80e8c8ceb2fb10a29ff238a",
                "sha256:0638c3ae1a0edfb77c6765d487fee624d2b1ee1bdfeffc1f0b58c64d149e7eec",
                "sha256:105abaf8a6075dc96c1fe5ae7aae073f4696f2905fde6aeada4c9d2926752362",
                "sha256:155136b51fd733fa94e1c2ea5211dcd4c8879869008fc811648f16541bf99668",
                "sha256:1a465cbe98a7fd391d47dce4b8f7e5b921e6cd805ef421d04f5f66ba8f06086c",
                "sha256:1d2c4994f515e5b485fd6d3a73d05526aa0fcf248eb135996b088d25dfa1865b",
                "sha256:2c24d61263f511551f740d1a065eb0212db1dbbbbd241db758f5244281590c06",
                "sha256:51a8b381b16ddd370178a65360ebe15fbc1c71cf6f584613a7ea08bfad946698",
                "sha256:594234691ac0e9b770aee9fcdb8fa02c22e43e5c619456efd0d6c2bf276f3eb2",
                "sha256:5cf4be6c304ad0b6602f5c4e90e2f59b47653ac1ed9c662ed379fe48a8f26b0c",
                "sha256:64081b3f8f6f3c3de6191ec89d7dc6c86a8a43911f7ecb422c60e90c70be41c7",
                "sha256:6bc25fc545a6b3d57b5f8618e59fc13d3a3a68431e8ca5fd4c13241cd70d0009",
                "sha256:798caa2a2384b1cbe8a2a139d80734c9db54f9cc155c99d7cc92441a23871c03",
                "sha256:7c6b1dece89874d9541fc974917b631406233ea0440d0bdfbb8e03bf39a49b3b",
                "sha256:840793c68105fe031f34d6a086eaea153a0cd5c491cde82a74b420edd0a2b909",
                "sha256:8d6603078baf4e11edc4168a514c5ce5b3ba6e3e9c374298cb88437957960a53",
                "sha256:9cc46bc107224ff5b6d04369e7c595acb700c3613ad7bcf2e2012f62ece80c35",
                "sha256:9f7a31251289b2ab6d4012f6e83e58bc3b96bd151f5b5262467f4bb6b34a7c26",
                "sha256:9ffb888f19d54a4d4dfd4b3f29bc2c16aa4972f1c2ab9c4ab09b8ab8685b9c2b",
                "sha256:a5ed8c05548b54b998b9498753fb9cadbfd92ee88e884641377d8a8b291bcc01",
                "sha256:a7711edca4dcef1a75257b50a2fbfe92a65187c47dab5a0f1b9b332c5919a3fb",
                "sha256:af5c59122a011049aad5dd87424b8e65a80e4a6477419c0c1015f73fb5ea0293",
                "sha256:b18e0a9ef57d2b41f5c68beefa32317d286c3d6ac0484efd10d6e07491bb95dd",
                "sha256:b4e248d1087abf9f4c10f3c398896c87ce82a9856494a7155823eb45a892395d",
                "sha256:ba4e9e0ae13fc41c6b23299545e5ef73055213e466bd107953e4a013a5ddd7e3",
                "sha256:c6332685306b6417a91b1ff9fae889b3ba65c2292d64bd9245c093b1b284809d",
                "sha256:d5ff0621c88ce83a28a10d2ce719b2ee85635e85c515f12bac99a95306da4b2e",
                "sha256:d9efd8b7a3ef378dd61a1e77367f1924375befc2eba06168b6ebfa903a5e59ca",
                "sha256:df5169c4396adc04f9b0a05f13c074df878b6052430e03f50e68adf3a57aa28d",
                "sha256:ebb253464a5d0482b191274f1c8bf00e33f7e0b9c66405fbffc61ed2c839c775",
                "sha256:ec80dc47f54e6e9a78181ce05feb71a0353854cc26999db963695f950b5fb375",
                "sha256:f032b34669220030f905152045dfa27741ce1a6db3324a5bc0b96b6c7420c87b",
                "sha256:f60567825f791c6f8a592f3c6e3bd93dd2934e3f9dac189308426bd76b00ef3b",
                "sha256:f803eaa94c2fcda012c047e62bc7a51b0bdabda1cad7a92a522694ea2d76e49f"
            ],
            "version": "==1.14.4"
        },
        "control": {
            "hashes": [
                "sha256:1fcfdcf39f96523cb1f2cf7bf7b8ae68ec3ef8350e5c55e17e02afdb0872edbb"
            ],
            "index": "pypi",
            "version": "==0.8.3"
        },
        "cycler": {
            "hashes": [
                "sha256:1d8a5ae1ff6c5cf9b93e8811e581232ad8920aeec647c37316ceac982b08cb2d",
                "sha256:cd7b2d1018258d7247a71425e9f26463dfb444d411c39569972f4ce586b0c9d8"
            ],
            "version": "==0.10.0"
        },
        "cython": {
            "hashes": [
                "sha256:0ac10bf476476a9f7ef61ec6e44c280ef434473124ad31d3132b720f7b0e8d2a",
                "sha256:0e25c209c75df8785480dcef85db3d36c165dbc0f4c503168e8763eb735704f2",
                "sha256:171b9f70ceafcec5852089d0f9c1e75b0d554f46c882cd4e2e4acaba9bd7d148",
                "sha256:23f3a00b843a19de8bb4468b087db5b413a903213f67188729782488d67040e0",
                "sha256:2922e3031ba9ebbe7cb9200b585cc33b71d66023d78450dcb883f824f4969371",
                "sha256:31c71a615f38401b0dc1f2a5a9a6c421ffd8908c4cd5bbedc4014c1b876488e8",
                "sha256:473df5d5e400444a36ed81c6596f56a5b52a3481312d0a48d68b777790f730ae",
                "sha256:497841897942f734b0abc2dead2d4009795ee992267a70a23485fd0e937edc0b",
                "sha256:539e59949aab4955c143a468810123bf22d3e8556421e1ce2531ed4893914ca0",
                "sha256:540b3bee0711aac2e99bda4fa0a46dbcd8c74941666bfc1ef9236b1a64eeffd9",
                "sha256:57ead89128dee9609119c93d3926c7a2add451453063147900408a50144598c6",
                "sha256:5c4276fdcbccdf1e3c1756c7aeb8395e9a36874fa4d30860e7694f43d325ae13",
                "sha256:5da187bebe38030325e1c0b5b8a804d489410be2d384c0ef3ba39493c67eb51e",
                "sha256:5e545a48f919e40079b0efe7b0e081c74b96f9ef25b9c1ff4cdbd95764426b58",
                "sha256:603b9f1b8e93e8b494d3e89320c410679e21018e48b6cbc77280f5db71f17dc0",
                "sha256:695a6bcaf9e12b1e471dfce96bbecf22a1487adc2ac6106b15960a2b51b97f5d",
                "sha256:715294cd2246b39a8edca464a8366eb635f17213e4a6b9e74e52d8b877a8cb63",
                "sha256:7ebaa8800c376bcdae596fb1372cb4232a5ef957619d35839520d2786f2debb9",
                "sha256:856c7fb31d247ce713d60116375e1f8153d0291ab5e92cca7d8833a524ba9991",
                "sha256:8c6e25e9cc4961bb2abb1777c6fa9d0fa2d9b014beb3276cebe69996ff162b78",
                "sha256:9207fdedc7e789a3dcaca628176b80c82fbed9ae0997210738cbb12536a56699",
                "sha256:93f5fed1c9445fb7afe20450cdaf94b0e0356d47cc75008105be89c6a2e417b1",
                "sha256:9ce5e5209f8406ffc2b058b1293cce7a954911bb7991e623564d489197c9ba30",
                "sha256:a0674f246ad5e1571ef29d4c5ec1d6ecabe9e6c424ad0d6fee46b914d5d24d69",
                "sha256:b2f9172e4d6358f33ecce6a4339b5960f9f83eab67ea244baa812737793826b7",
                "sha256:b8a8a31b9e8860634adbca30fea1d0c7f08e208b3d7611f3e580e5f20992e5d7",
                "sha256:b8d8497091c1dc8705d1575c71e908a93b1f127a174b2d472020f3d84263ac28",
                "sha256:c111ac9abdf715762e4fb87395e59d61c0fbb6ce79eb2e24167700b6cfa8ba79",
                "sha256:c4b78356074fcaac04ecb4de289f11d506e438859877670992ece11f9c90f37b",
                "sha256:c541b2b49c6638f2b5beb9316726db84a8d1c132bf31b942dae1f9c7f6ad3b92",
                "sha256:c8435959321cf8aec867bbad54b83b7fb8343204b530d85d9ea7a1f5329d5ac2",
                "sha256:ccb77faeaad99e99c6c444d04862c6cf604204fe0a07d4c8f9cbf2c9012d7d5a",
                "sha256:e272ed97d20b026f4f25a012b25d7d7672a60e4f72b9ca385239d693cd91b2d5",
                "sha256:e57acb89bd55943c8d8bf813763d20b9099cc7165c0f16b707631a7654be9cad",
                "sha256:e93acd1f603a0c1786e0841f066ae7cef014cf4750e3cd06fd03cfdf46361419"
            ],
            "index": "pypi",
            "version": "==0.29.21"
        },
        "decorator": {
            "hashes": [
                "sha256:41fa54c2a0cc4ba648be4fd43cff00aedf5b9465c9bf18d64325bc225f08f760",
                "sha256:e3a62f0520172440ca0dcc823749319382e377f37f140a0b99ef45fecb84bfe7"
            ],
            "version": "==4.4.2"
        },
        "flatbuffers": {
            "hashes": [
                "sha256:63bb9a722d5e373701913e226135b28a6f6ac200d5cc7b4d919fa38d73b44610",
                "sha256:9e9ef47fa92625c4721036e7c4124182668dc6021d9e7c73704edd395648deb9"
            ],
            "version": "==1.12"
        },
        "future": {
            "hashes": [
                "sha256:b1bead90b70cf6ec3f0710ae53a525360fa360d306a86583adc6bf83a4db537d"
            ],
            "markers": "python_version >= '2.6' and python_version not in '3.0, 3.1, 3.2, 3.3'",
            "version": "==0.18.2"
        },
        "ipython": {
            "hashes": [
                "sha256:c987e8178ced651532b3b1ff9965925bfd445c279239697052561a9ab806d28f",
                "sha256:cbb2ef3d5961d44e6a963b9817d4ea4e1fa2eb589c371a470fed14d8d40cbd6a"
            ],
            "index": "pypi",
            "version": "==7.19.0"
        },
        "ipython-genutils": {
            "hashes": [
                "sha256:72dd37233799e619666c9f639a9da83c34013a73e8bbc79a7a6348d93c61fab8",
                "sha256:eb2e116e75ecef9d4d228fdc66af54269afa26ab4463042e33785b887c628ba8"
            ],
            "version": "==0.2.0"
        },
        "jax": {
            "hashes": [
                "sha256:51f55ddab1518a52f43131dabb8f5ffc3e68b5f536b945e8cb8fca7c0d3d4b23"
            ],
            "index": "pypi",
            "version": "==0.2.7"
        },
        "jaxlib": {
            "hashes": [
                "sha256:048596b2ba458b01eb0c5680936df851f2083f6135ec9cd984f2f5ea45ad619d",
                "sha256:0fd3a836ec91d96a2944b5fa610780c46166c9c501629446921bd406bc83fcd0",
                "sha256:252e2b0043dc655e889da4363af9bc22c22d4c9728b9b2b685eac763d3a4de30",
                "sha256:2bc945849553dbc31eba737ca81546fb47ec1e7c3340872d9b7dd329006f51a7",
                "sha256:2c07605172118ab3a5a62d639a62059e4c8d67cc44de655af6606c50afa1d8c9",
                "sha256:47d4bf94f38ab9a437a69c19be6a3e1d235811d6da70922a3ff6502c33361504",
                "sha256:4e449261a7a4b08525b88dda49636eae55b9c2be464f4683dd4fd25e96134dce",
                "sha256:669427a85df109995cf2689945c995fd36abce80d7dbc0ad1833fa9966fa935e"
            ],
            "index": "pypi",
            "version": "==0.1.57"
        },
        "jedi": {
            "hashes": [
                "sha256:86ed7d9b750603e4ba582ea8edc678657fb4007894a12bcf6f4bb97892f31d20",
                "sha256:98cc583fa0f2f8304968199b01b6b4b94f469a1f4a74c1560506ca2a211378b5"
            ],
            "markers": "python_version >= '2.7' and python_version not in '3.0, 3.1, 3.2, 3.3, 3.4'",
            "version": "==0.17.2"
        },
        "kiwisolver": {
            "hashes": [
                "sha256:0cd53f403202159b44528498de18f9285b04482bab2a6fc3f5dd8dbb9352e30d",
                "sha256:1e1bc12fb773a7b2ffdeb8380609f4f8064777877b2225dec3da711b421fda31",
                "sha256:225e2e18f271e0ed8157d7f4518ffbf99b9450fca398d561eb5c4a87d0986dd9",
                "sha256:232c9e11fd7ac3a470d65cd67e4359eee155ec57e822e5220322d7b2ac84fbf0",
                "sha256:31dfd2ac56edc0ff9ac295193eeaea1c0c923c0355bf948fbd99ed6018010b72",
                "sha256:33449715e0101e4d34f64990352bce4095c8bf13bed1b390773fc0a7295967b3",
                "sha256:401a2e9afa8588589775fe34fc22d918ae839aaaf0c0e96441c0fdbce6d8ebe6",
                "sha256:44a62e24d9b01ba94ae7a4a6c3fb215dc4af1dde817e7498d901e229aaf50e4e",
                "sha256:50af681a36b2a1dee1d3c169ade9fdc59207d3c31e522519181e12f1b3ba7000",
                "sha256:563c649cfdef27d081c84e72a03b48ea9408c16657500c312575ae9d9f7bc1c3",
                "sha256:5989db3b3b34b76c09253deeaf7fbc2707616f130e166996606c284395da3f18",
                "sha256:5a7a7dbff17e66fac9142ae2ecafb719393aaee6a3768c9de2fd425c63b53e21",
                "sha256:5c3e6455341008a054cccee8c5d24481bcfe1acdbc9add30aa95798e95c65621",
                "sha256:5f6ccd3dd0b9739edcf407514016108e2280769c73a85b9e59aa390046dbf08b",
                "sha256:72c99e39d005b793fb7d3d4e660aed6b6281b502e8c1eaf8ee8346023c8e03bc",
                "sha256:78751b33595f7f9511952e7e60ce858c6d64db2e062afb325985ddbd34b5c131",
                "sha256:834ee27348c4aefc20b479335fd422a2c69db55f7d9ab61721ac8cd83eb78882",
                "sha256:8be8d84b7d4f2ba4ffff3665bcd0211318aa632395a1a41553250484a871d454",
                "sha256:950a199911a8d94683a6b10321f9345d5a3a8433ec58b217ace979e18f16e248",
                "sha256:a357fd4f15ee49b4a98b44ec23a34a95f1e00292a139d6015c11f55774ef10de",
                "sha256:a53d27d0c2a0ebd07e395e56a1fbdf75ffedc4a05943daf472af163413ce9598",
                "sha256:acef3d59d47dd85ecf909c359d0fd2c81ed33bdff70216d3956b463e12c38a54",
                "sha256:b38694dcdac990a743aa654037ff1188c7a9801ac3ccc548d3341014bc5ca278",
                "sha256:b9edd0110a77fc321ab090aaa1cfcaba1d8499850a12848b81be2222eab648f6",
                "sha256:c08e95114951dc2090c4a630c2385bef681cacf12636fb0241accdc6b303fd81",
                "sha256:c5518d51a0735b1e6cee1fdce66359f8d2b59c3ca85dc2b0813a8aa86818a030",
                "sha256:c8fd0f1ae9d92b42854b2979024d7597685ce4ada367172ed7c09edf2cef9cb8",
                "sha256:ca3820eb7f7faf7f0aa88de0e54681bddcb46e485beb844fcecbcd1c8bd01689",
                "sha256:cf8b574c7b9aa060c62116d4181f3a1a4e821b2ec5cbfe3775809474113748d4",
                "sha256:d3155d828dec1d43283bd24d3d3e0d9c7c350cdfcc0bd06c0ad1209c1bbc36d0",
                "sha256:f8d6f8db88049a699817fd9178782867bf22283e3813064302ac59f61d95be05",
                "sha256:fd34fbbfbc40628200730bc1febe30631347103fc8d3d4fa012c21ab9c11eca9"
            ],
            "markers": "python_version >= '3.6'",
            "version": "==1.3.1"
        },
        "matplotlib": {
            "hashes": [
                "sha256:09225edca87a79815822eb7d3be63a83ebd4d9d98d5aa3a15a94f4eee2435954",
                "sha256:0caa687fce6174fef9b27d45f8cc57cbc572e04e98c81db8e628b12b563d59a2",
                "sha256:27c9393fada62bd0ad7c730562a0fecbd3d5aaa8d9ed80ba7d3ebb8abc4f0453",
                "sha256:2c2c5041608cb75c39cbd0ed05256f8a563e144234a524c59d091abbfa7a868f",
                "sha256:2d31aff0c8184b05006ad756b9a4dc2a0805e94d28f3abc3187e881b6673b302",
                "sha256:3a4c3e9be63adf8e9b305aa58fb3ec40ecc61fd0f8fd3328ce55bc30e7a2aeb0",
                "sha256:5111d6d47a0f5b8f3e10af7a79d5e7eb7e73a22825391834734274c4f312a8a0",
                "sha256:5ed3d3342698c2b1f3651f8ea6c099b0f196d16ee00e33dc3a6fee8cb01d530a",
                "sha256:6ffd2d80d76df2e5f9f0c0140b5af97e3b87dd29852dcdb103ec177d853ec06b",
                "sha256:746897fbd72bd462b888c74ed35d812ca76006b04f717cd44698cdfc99aca70d",
                "sha256:756ee498b9ba35460e4cbbd73f09018e906daa8537fff61da5b5bf8d5e9de5c7",
                "sha256:7ad44f2c74c50567c694ee91c6fa16d67e7c8af6f22c656b80469ad927688457",
                "sha256:83e6c895d93fdf93eeff1a21ee96778ba65ef258e5d284160f7c628fee40c38f",
                "sha256:9b03722c89a43a61d4d148acfc89ec5bb54cd0fd1539df25b10eb9c5fa6c393a",
                "sha256:a4fe54eab2c7129add75154823e6543b10261f9b65b2abe692d68743a4999f8c",
                "sha256:b1b60c6476c4cfe9e5cf8ab0d3127476fd3d5f05de0f343a452badaad0e4bdec",
                "sha256:b26c472847911f5a7eb49e1c888c31c77c4ddf8023c1545e0e8e0367ba74fb15",
                "sha256:b2a5e1f637a92bb6f3526cc54cc8af0401112e81ce5cba6368a1b7908f9e18bc",
                "sha256:b7b09c61a91b742cb5460b72efd1fe26ef83c1c704f666e0af0df156b046aada",
                "sha256:b8ba2a1dbb4660cb469fe8e1febb5119506059e675180c51396e1723ff9b79d9",
                "sha256:c092fc4673260b1446b8578015321081d5db73b94533fe4bf9b69f44e948d174",
                "sha256:c586ac1d64432f92857c3cf4478cfb0ece1ae18b740593f8a39f2f0b27c7fda5",
                "sha256:d082f77b4ed876ae94a9373f0db96bf8768a7cca6c58fc3038f94e30ffde1880",
                "sha256:e71cdd402047e657c1662073e9361106c6981e9621ab8c249388dfc3ec1de07b",
                "sha256:eb6b6700ea454bb88333d98601e74928e06f9669c1ea231b4c4c666c1d7701b4"
            ],
            "index": "pypi",
            "version": "==3.3.3"
        },
        "mpmath": {
            "hashes": [
                "sha256:fc17abe05fbab3382b61a123c398508183406fa132e0223874578e20946499f6"
            ],
            "version": "==1.1.0"
        },
        "numpy": {
            "hashes": [
                "sha256:08308c38e44cc926bdfce99498b21eec1f848d24c302519e64203a8da99a97db",
                "sha256:09c12096d843b90eafd01ea1b3307e78ddd47a55855ad402b157b6c4862197ce",
                "sha256:13d166f77d6dc02c0a73c1101dd87fdf01339febec1030bd810dcd53fff3b0f1",
                "sha256:141ec3a3300ab89c7f2b0775289954d193cc8edb621ea05f99db9cb181530512",
                "sha256:16c1b388cc31a9baa06d91a19366fb99ddbe1c7b205293ed072211ee5bac1ed2",
                "sha256:18bed2bcb39e3f758296584337966e68d2d5ba6aab7e038688ad53c8f889f757",
                "sha256:1aeef46a13e51931c0b1cf8ae1168b4a55ecd282e6688fdb0a948cc5a1d5afb9",
                "sha256:27d3f3b9e3406579a8af3a9f262f5339005dd25e0ecf3cf1559ff8a49ed5cbf2",
                "sha256:2a2740aa9733d2e5b2dfb33639d98a64c3b0f24765fed86b0fd2aec07f6a0a08",
                "sha256:4377e10b874e653fe96985c05feed2225c912e328c8a26541f7fc600fb9c637b",
                "sha256:448ebb1b3bf64c0267d6b09a7cba26b5ae61b6d2dbabff7c91b660c7eccf2bdb",
                "sha256:50e86c076611212ca62e5a59f518edafe0c0730f7d9195fec718da1a5c2bb1fc",
                "sha256:5734bdc0342aba9dfc6f04920988140fb41234db42381cf7ccba64169f9fe7ac",
                "sha256:64324f64f90a9e4ef732be0928be853eee378fd6a01be21a0a8469c4f2682c83",
                "sha256:6ae6c680f3ebf1cf7ad1d7748868b39d9f900836df774c453c11c5440bc15b36",
                "sha256:6d7593a705d662be5bfe24111af14763016765f43cb6923ed86223f965f52387",
                "sha256:8cac8790a6b1ddf88640a9267ee67b1aee7a57dfa2d2dd33999d080bc8ee3a0f",
                "sha256:8ece138c3a16db8c1ad38f52eb32be6086cc72f403150a79336eb2045723a1ad",
                "sha256:9eeb7d1d04b117ac0d38719915ae169aa6b61fca227b0b7d198d43728f0c879c",
                "sha256:a09f98011236a419ee3f49cedc9ef27d7a1651df07810ae430a6b06576e0b414",
                "sha256:a5d897c14513590a85774180be713f692df6fa8ecf6483e561a6d47309566f37",
                "sha256:ad6f2ff5b1989a4899bf89800a671d71b1612e5ff40866d1f4d8bcf48d4e5764",
                "sha256:c42c4b73121caf0ed6cd795512c9c09c52a7287b04d105d112068c1736d7c753",
                "sha256:cb1017eec5257e9ac6209ac172058c430e834d5d2bc21961dceeb79d111e5909",
                "sha256:d6c7bb82883680e168b55b49c70af29b84b84abb161cbac2800e8fcb6f2109b6",
                "sha256:e452dc66e08a4ce642a961f134814258a082832c78c90351b75c41ad16f79f63",
                "sha256:e5b6ed0f0b42317050c88022349d994fe72bfe35f5908617512cd8c8ef9da2a9",
                "sha256:e9b30d4bd69498fc0c3fe9db5f62fffbb06b8eb9321f92cc970f2969be5e3949",
                "sha256:ec149b90019852266fec2341ce1db513b843e496d5a8e8cdb5ced1923a92faab",
                "sha256:edb01671b3caae1ca00881686003d16c2209e07b7ef8b7639f1867852b948f7c",
                "sha256:f0d3929fe88ee1c155129ecd82f981b8856c5d97bcb0d5f23e9b4242e79d1de3",
                "sha256:f29454410db6ef8126c83bd3c968d143304633d45dc57b51252afbd79d700893",
                "sha256:fe45becb4c2f72a0907c1d0246ea6449fe7a9e2293bb0e11c4e9a32bb0930a15",
                "sha256:fedbd128668ead37f33917820b704784aff695e0019309ad446a6d0b065b57e4"
            ],
            "index": "pypi",
            "version": "==1.19.4"
        },
        "opt-einsum": {
            "hashes": [
                "sha256:2455e59e3947d3c275477df7f5205b30635e266fe6dc300e3d9f9646bfcea147",
                "sha256:59f6475f77bbc37dcf7cd748519c0ec60722e91e63ca114e68821c0c54a46549"
            ],
            "markers": "python_version >= '3.5'",
            "version": "==3.3.0"
        },
        "parso": {
            "hashes": [
                "sha256:97218d9159b2520ff45eb78028ba8b50d2bc61dcc062a9682666f2dc4bd331ea",
                "sha256:caba44724b994a8a5e086460bb212abc5a8bc46951bf4a9a1210745953622eb9"
            ],
            "markers": "python_version >= '2.7' and python_version not in '3.0, 3.1, 3.2, 3.3'",
            "version": "==0.7.1"
        },
        "pexpect": {
            "hashes": [
                "sha256:0b48a55dcb3c05f3329815901ea4fc1537514d6ba867a152b581d69ae3710937",
                "sha256:fc65a43959d153d0114afe13997d439c22823a27cefceb5ff35c2178c6784c0c"
            ],
            "markers": "sys_platform != 'win32'",
            "version": "==4.8.0"
        },
        "pickleshare": {
            "hashes": [
                "sha256:87683d47965c1da65cdacaf31c8441d12b8044cdec9aca500cd78fc2c683afca",
                "sha256:9649af414d74d4df115d5d718f82acb59c9d418196b7b4290ed47a12ce62df56"
            ],
            "version": "==0.7.5"
        },
        "pillow": {
            "hashes": [
                "sha256:006de60d7580d81f4a1a7e9f0173dc90a932e3905cc4d47ea909bc946302311a",
                "sha256:0a2e8d03787ec7ad71dc18aec9367c946ef8ef50e1e78c71f743bc3a770f9fae",
                "sha256:0eeeae397e5a79dc088d8297a4c2c6f901f8fb30db47795113a4a605d0f1e5ce",
                "sha256:11c5c6e9b02c9dac08af04f093eb5a2f84857df70a7d4a6a6ad461aca803fb9e",
                "sha256:2fb113757a369a6cdb189f8df3226e995acfed0a8919a72416626af1a0a71140",
                "sha256:4b0ef2470c4979e345e4e0cc1bbac65fda11d0d7b789dbac035e4c6ce3f98adb",
                "sha256:59e903ca800c8cfd1ebe482349ec7c35687b95e98cefae213e271c8c7fffa021",
                "sha256:5abd653a23c35d980b332bc0431d39663b1709d64142e3652890df4c9b6970f6",
                "sha256:5f9403af9c790cc18411ea398a6950ee2def2a830ad0cfe6dc9122e6d528b302",
                "sha256:6b4a8fd632b4ebee28282a9fef4c341835a1aa8671e2770b6f89adc8e8c2703c",
                "sha256:6c1aca8231625115104a06e4389fcd9ec88f0c9befbabd80dc206c35561be271",
                "sha256:795e91a60f291e75de2e20e6bdd67770f793c8605b553cb6e4387ce0cb302e09",
                "sha256:7ba0ba61252ab23052e642abdb17fd08fdcfdbbf3b74c969a30c58ac1ade7cd3",
                "sha256:7c9401e68730d6c4245b8e361d3d13e1035cbc94db86b49dc7da8bec235d0015",
                "sha256:81f812d8f5e8a09b246515fac141e9d10113229bc33ea073fec11403b016bcf3",
                "sha256:895d54c0ddc78a478c80f9c438579ac15f3e27bf442c2a9aa74d41d0e4d12544",
                "sha256:8de332053707c80963b589b22f8e0229f1be1f3ca862a932c1bcd48dafb18dd8",
                "sha256:92c882b70a40c79de9f5294dc99390671e07fc0b0113d472cbea3fde15db1792",
                "sha256:95edb1ed513e68bddc2aee3de66ceaf743590bf16c023fb9977adc4be15bd3f0",
                "sha256:b63d4ff734263ae4ce6593798bcfee6dbfb00523c82753a3a03cbc05555a9cc3",
                "sha256:bd7bf289e05470b1bc74889d1466d9ad4a56d201f24397557b6f65c24a6844b8",
                "sha256:cc3ea6b23954da84dbee8025c616040d9aa5eaf34ea6895a0a762ee9d3e12e11",
                "sha256:cc9ec588c6ef3a1325fa032ec14d97b7309db493782ea8c304666fb10c3bd9a7",
                "sha256:d3d07c86d4efa1facdf32aa878bd508c0dc4f87c48125cc16b937baa4e5b5e11",
                "sha256:d8a96747df78cda35980905bf26e72960cba6d355ace4780d4bdde3b217cdf1e",
                "sha256:e38d58d9138ef972fceb7aeec4be02e3f01d383723965bfcef14d174c8ccd039",
                "sha256:eb472586374dc66b31e36e14720747595c2b265ae962987261f044e5cce644b5",
                "sha256:fbd922f702582cb0d71ef94442bfca57624352622d75e3be7a1e7e9360b07e72"
            ],
            "markers": "python_version >= '3.6'",
            "version": "==8.0.1"
        },
        "prompt-toolkit": {
            "hashes": [
                "sha256:25c95d2ac813909f813c93fde734b6e44406d1477a9faef7c915ff37d39c0a8c",
                "sha256:7debb9a521e0b1ee7d2fe96ee4bd60ef03c6492784de0547337ca4433e46aa63"
            ],
            "markers": "python_full_version >= '3.6.1'",
            "version": "==3.0.8"
        },
        "ptyprocess": {
            "hashes": [
                "sha256:923f299cc5ad920c68f2bc0bc98b75b9f838b93b599941a6b63ddbc2476394c0",
                "sha256:d7cc528d76e76342423ca640335bd3633420dc1366f258cb31d05e865ef5ca1f"
            ],
            "version": "==0.6.0"
        },
        "pycparser": {
            "hashes": [
                "sha256:2d475327684562c3a96cc71adf7dc8c4f0565175cf86b6d7a404ff4c771f15f0",
                "sha256:7582ad22678f0fcd81102833f60ef8d0e57288b6b5fb00323d101be910e35705"
            ],
            "markers": "python_version >= '2.7' and python_version not in '3.0, 3.1, 3.2, 3.3'",
            "version": "==2.20"
        },
        "pygame": {
            "hashes": [
                "sha256:00268b75204519628760030d256b17e557710a859fadf7cbf80ead80efc22779",
                "sha256:0ba624e8cc2056f0c8f7f819f2564284bb675dd9a8097e03762763a63f99e1b3",
                "sha256:0fa2dfa9daacaa5533ab733c0fd038e319b83d685f92e986fe3233dd06e508e4",
                "sha256:19b66c7546261996e2533b922f78b04edc1901586d6e023af7ec0aef4d6d4a9f",
                "sha256:1bc6e76e31e7ce6b734f12a06d975af2ef29da93e5ccbecbc8ed2d38d1bea8ea",
                "sha256:208fbc0f25a641b953c7ec1c537a3c0b43a4faf6a8f303be15d02e308c671bab",
                "sha256:21f4e50c1f13e143c590a48e63644ed2d0cfb50f9ce699c5e8b7af7caaa5cbe3",
                "sha256:2c2475f706e49b4a67d6958e5cce1157f3875083eba92ab298bdf7ba33780524",
                "sha256:3a2e7a0e6377224d3956ac9791382f7baadf66957679be8a9cc493f488245584",
                "sha256:3d0be0275b1d4939c9c9074d879407f330cbac0c837cd0f4b24ab0377959f6da",
                "sha256:411fa087a21f065d720d199b848652bf02d61cb39ff4d62745be37257fd84361",
                "sha256:4e58cc6f47412cf441a0c9b98dcb8141e1f2cdb6bbd0b00d1b89572d54195002",
                "sha256:5450704eab972951cce02231e21dbbdffcf7e7c569cfb8d26346e2b18197ae0f",
                "sha256:579d2162591241dc98c80c796576bb93edbd8107a8a43e13a18bf3c9c0dfb446",
                "sha256:5a3f0f436174e95027c60a37f06d84d25d2275de3255fe85846baa47c0e36e6b",
                "sha256:5ed4b00612b11c1ebbfbff1379616de2fa4d1acd9830232cc9a4a2ac2aa55e84",
                "sha256:63b038da116a643046181b02173fd894d87d2f85ecfd6aa7d5ece73c6ef501e9",
                "sha256:697599838b559b9f6573c3064357b404d3fd7af145168e2f4e3ed551bc4400ec",
                "sha256:69f9452365eef5ef476eca2657dcc488d8f93423a2f6e80e6dc5ada9fa813d21",
                "sha256:6bd16df20e5b9bc82a4dae7342573a7917530c2e4713c576f2684ebc79a9aa73",
                "sha256:6f5b10de20a6d6a4c84371fd55d25038ef3fa3ceb1a20a61bcab1b1f2459a115",
                "sha256:7c228e067b5e212acc2ee1412e2cf29f5900fd290b09556014aee74665ffaded",
                "sha256:7ee08691262b1a22dfd28b9b0e126cfc0276b349ddfd7ef8964a0e54d000ab0e",
                "sha256:87795c07c1de05150759b52e7bc3ccb38e76148ae8e40f07bf2b1368e7fabf0e",
                "sha256:8a240f598c21a4d2218eaeccfdd77bf0d0f6789133a154b07667285157b95ffa",
                "sha256:9d10a197518f8b50d3a61b923762a37063b9d6e27d1abe5167bb3a762e816833",
                "sha256:a03f0357ad4a9daf6e70b239804b77088d0b1543fc32e672f97f38e35fb1c206",
                "sha256:a7d298ebc7239dcf98e093b3510abc5279c8c7c149c60d2a8a81a1b44a671da3",
                "sha256:abed99f21c11d7f8deb0b3a41e2e4b0d00a98c17c23edd4dd344f169b317a586",
                "sha256:b5ac39ef5453252cb4b4ce2956ad9832688476a7a99bbdee1a7e17bf40e0a11f",
                "sha256:c2aea8cfa8156016d5316a601e804e8eacc77facd550d6bff893130f8f506a45",
                "sha256:cb6dda696df8326eebf8514aa7d6e18977d37822241d8661069ca42a45f957d6",
                "sha256:d1b9279133bb9f1ff5e7f5369a7a25749279724f64428980f6cec58eb7ce18da",
                "sha256:d700ffe744efde7eba1709950066429bdd21e9eec2288e29d39c3a9f21a04a7c",
                "sha256:d768ff1f2dd3de84585a68b491821badc35b2c9c4453c6cbcf48949be99ea781",
                "sha256:db05ce075aed6a9ac6b5613f273eb134a643a7b910ded4f6395b09a7f24edacf",
                "sha256:dc7cbfc0a0a0f1f8b1be4dbf0788a4ac7d3dd2991067e1cfd869c65c323a24a5",
                "sha256:e21e68b1110bea64ed1dee6e644b49423f9539fb3e29d27ca6c68011f999c8f9",
                "sha256:e716b3a5ca469959ad0d631cbb7846386741fc056968a3abb097ba5b43757214",
                "sha256:e75fe7624d2fc03b93a706f4d8f8204cb9c83c8f16245553546b3bd0a733556c",
                "sha256:e8effa8b5a8d2bb9c07dccb18337b07174d4956516978a35350bc23e254189cc"
            ],
            "index": "pypi",
            "version": "==2.0.0"
        },
        "pygments": {
            "hashes": [
                "sha256:ccf3acacf3782cbed4a989426012f1c535c9a90d3a7fc3f16d231b9372d2b716",
                "sha256:f275b6c0909e5dafd2d6269a656aa90fa58ebf4a74f8fcf9053195d226b24a08"
            ],
            "markers": "python_version >= '3.5'",
            "version": "==2.7.3"
        },
        "pymunk": {
            "hashes": [
                "sha256:04c95f37beaec318c8e9f54112e8b857999297d88612fbf8d8fe2d90937fa0f7",
                "sha256:25e5d0d4fb6f494b085e5d9c06c0046d9f5055337636d4a0575360bd276077a2",
                "sha256:280af4257dd6ee78e8ee4b63e4d350e9f7c1eb4b6adca483ee82953ac228c1df",
                "sha256:296eaa87cfa49ef05a34a4971bc4a83022268fa6597d1e5936c7d08845c4a530",
                "sha256:2ba451f0bb81e02f4991b02a32358f308d472d378cbb2a25012341b0b5512896",
                "sha256:34393ba5b9e263c8fb131b165e595bca4716ec503ba0d90c7d78c3656727a706",
                "sha256:3637beae366b9efda44aec5d5519fbfd06252a909890a3a6941723ca7d4a488d",
                "sha256:46f5512e73781c2836291811533913bf876ed7502cc275d0b1ee6f0c93955087",
                "sha256:47702250aae97c7e807915b000e2fb700d4dfcaf69a77fafed6d2d6589d684a8",
                "sha256:4be90fbe77f1a49d5c69f87cdf45f330f37846879c9f67ef7d5fd8bdc6116b96",
                "sha256:4daffb86eae23619189fb5f241d895f3633bfe5a36db783b6596d7290f57ad6e",
                "sha256:4e44974b858583736093cc9033738aa97fb6ec802060fc8f464ea4722b0515e8",
                "sha256:62628d42bc855e90e725dfdf61cb105873e3f694e39356858e6433a487b18a35",
                "sha256:63280c9cf1ae598e5cb61968734702b9dea6e81bdc31c4ffb2e78980dcdb4e84",
                "sha256:650ee808565640163a2b11a5c8b94e21d0803fd8dc2eb9d3febe224648aabad2",
                "sha256:679530f78226c294cb18a0e7d57ac1755b94f0b884b1029cab67071a487bc323",
                "sha256:735d58c5169439b4278ca0a1fd991574752319ffb9201896a0f81814bfa503a2",
                "sha256:772a214f6ff87a1a856a881b92242ef4b2f5bedf08d0752f9eff73e045c35812",
                "sha256:775dd85dcbeba149afa8027fc6e0f07a66a7ef48209e22a5ad2035665b8ddc51",
                "sha256:811130fe0fd802ed484b64729d0ea36685a8bfa7b83331fac2c4f4d892133779",
                "sha256:8c6a91d12904663c7142b2100afb902b9a0802cccd8b0ad9757386e2ad0b18ae",
                "sha256:a476feea821906d8977f9fe43183f24cca83d96030604cab26e449393eafd217",
                "sha256:a882fd2f897ccd4ebd3748eecde0f33468e71641e2d603b30e44ec4995483288",
                "sha256:acfd7132b9d42f23ec4df3f71131c84247cec9de05631fb57ad223a7c4476cfd",
                "sha256:b2c23a7ed462c1e098a3e3fd86b423c63a7e1fc7ceaaa7aa1c7740597440be14",
                "sha256:b589a3b4cd8f685037e8fb0bad0674433b0796c86fd354d80c1c8d6bd03936f9",
                "sha256:b8951c2432f9cf0ae2257ef994c82339c35cf57e37bcb89773a9f1664122a4d1",
                "sha256:b9e27b3de3e632f87d9e173112d7972f4fb74bc65c4372eb950515258098b536",
                "sha256:b9e84720997b05df8c88938a69bb2193604f207cbb3823d3103e19eec95a93c6",
                "sha256:d1b85d76bb8bf31eb42849b3151b9281bc549fa43885e34b84f2445eff2132bb",
                "sha256:d5b456c31bfe5d21b4a02d1c1e4fb7dfb9831faccec4cb41a8ee49f1e9154d1b",
                "sha256:d9f57223e03586db362e5f025917a860ef1d1857a6f5548dd3e6c91eacaa5080",
                "sha256:de345cb2e0f8117cc3838a67ae5cfd46f877d89856d80fc7bf25da296b51f1b3",
                "sha256:e38bfb07f60046691aab283566323d45adecb3986390cfb2ed6c80a3893b94ef",
                "sha256:eabfecac830ab1b140e42359b4845d67aa1cb4d6e432c3dcf7b57b8b7757ffe0",
                "sha256:f6ebdd4782cc7251d329fbc54e4671e036ce6c535b47f1d626df5287834f501e",
                "sha256:f9c1773a7ebbb3cd6e77ef3c8a52f3c81446acda3ab384237618ff450e357b58"
            ],
            "index": "pypi",
            "version": "==6.0.0"
        },
        "pyparsing": {
            "hashes": [
                "sha256:c203ec8783bf771a155b207279b9bccb8dea02d8f0c9e5f8ead507bc3246ecc1",
                "sha256:ef9d7589ef3c200abe66653d3f1ab1033c3c419ae9b9bdb1240a85b024efc88b"
            ],
            "markers": "python_version >= '2.6' and python_version not in '3.0, 3.1, 3.2, 3.3'",
            "version": "==2.4.7"
        },
        "python-dateutil": {
            "hashes": [
                "sha256:73ebfe9dbf22e832286dafa60473e4cd239f8592f699aa5adaf10050e6e1823c",
                "sha256:75bb3f31ea686f1197762692a9ee6a7550b59fc6ca3a1f4b5d7e32fb98e2da2a"
            ],
            "markers": "python_version >= '2.7' and python_version not in '3.0, 3.1, 3.2, 3.3'",
            "version": "==2.8.1"
        },
        "scipy": {
            "hashes": [
                "sha256:168c45c0c32e23f613db7c9e4e780bc61982d71dcd406ead746c7c7c2f2004ce",
                "sha256:213bc59191da2f479984ad4ec39406bf949a99aba70e9237b916ce7547b6ef42",
                "sha256:25b241034215247481f53355e05f9e25462682b13bd9191359075682adcd9554",
                "sha256:2c872de0c69ed20fb1a9b9cf6f77298b04a26f0b8720a5457be08be254366c6e",
                "sha256:3397c129b479846d7eaa18f999369a24322d008fac0782e7828fa567358c36ce",
                "sha256:368c0f69f93186309e1b4beb8e26d51dd6f5010b79264c0f1e9ca00cd92ea8c9",
                "sha256:3d5db5d815370c28d938cf9b0809dade4acf7aba57eaf7ef733bfedc9b2474c4",
                "sha256:4598cf03136067000855d6b44d7a1f4f46994164bcd450fb2c3d481afc25dd06",
                "sha256:4a453d5e5689de62e5d38edf40af3f17560bfd63c9c5bd228c18c1f99afa155b",
                "sha256:4f12d13ffbc16e988fa40809cbbd7a8b45bc05ff6ea0ba8e3e41f6f4db3a9e47",
                "sha256:634568a3018bc16a83cda28d4f7aed0d803dd5618facb36e977e53b2df868443",
                "sha256:65923bc3809524e46fb7eb4d6346552cbb6a1ffc41be748535aa502a2e3d3389",
                "sha256:6b0ceb23560f46dd236a8ad4378fc40bad1783e997604ba845e131d6c680963e",
                "sha256:8c8d6ca19c8497344b810b0b0344f8375af5f6bb9c98bd42e33f747417ab3f57",
                "sha256:9ad4fcddcbf5dc67619379782e6aeef41218a79e17979aaed01ed099876c0e62",
                "sha256:a254b98dbcc744c723a838c03b74a8a34c0558c9ac5c86d5561703362231107d",
                "sha256:b03c4338d6d3d299e8ca494194c0ae4f611548da59e3c038813f1a43976cb437",
                "sha256:cc1f78ebc982cd0602c9a7615d878396bec94908db67d4ecddca864d049112f2",
                "sha256:d6d25c41a009e3c6b7e757338948d0076ee1dd1770d1c09ec131f11946883c54",
                "sha256:d84cadd7d7998433334c99fa55bcba0d8b4aeff0edb123b2a1dfcface538e474",
                "sha256:e360cb2299028d0b0d0f65a5c5e51fc16a335f1603aa2357c25766c8dab56938",
                "sha256:e98d49a5717369d8241d6cf33ecb0ca72deee392414118198a8e5b4c35c56340",
                "sha256:ed572470af2438b526ea574ff8f05e7f39b44ac37f712105e57fc4d53a6fb660",
                "sha256:f87b39f4d69cf7d7529d7b1098cb712033b17ea7714aed831b95628f483fd012",
                "sha256:fa789583fc94a7689b45834453fec095245c7e69c58561dc159b5d5277057e4c"
            ],
            "index": "pypi",
            "version": "==1.5.4"
        },
        "six": {
            "hashes": [
                "sha256:30639c035cdb23534cd4aa2dd52c3bf48f06e5f4a941509c8bafd8ce11080259",
                "sha256:8b74bedcbbbaca38ff6d7491d76f2b06b3592611af620f8426e82dddb04a5ced"
            ],
            "markers": "python_version >= '2.7' and python_version not in '3.0, 3.1, 3.2, 3.3'",
            "version": "==1.15.0"
        },
        "slycot": {
            "hashes": [
                "sha256:1d9921e9b04a5b9892870fd3481f7b08e6fa083a1a3848ad262819de19eb5e02"
            ],
            "index": "pypi",
            "version": "==0.4.0.0"
        },
        "sympy": {
            "hashes": [
                "sha256:a3de9261e97535b83bb8607b0da2c7d03126650fafea2b2789657b229c246b2e",
                "sha256:c986df98babfb9f5ddea49ba7b69398f6d1cfada5ae0dc0431691cddaff851f6"
            ],
            "index": "pypi",
            "version": "==1.7.1"
        },
        "traitlets": {
            "hashes": [
                "sha256:178f4ce988f69189f7e523337a3e11d91c786ded9360174a3d9ca83e79bc5396",
                "sha256:69ff3f9d5351f31a7ad80443c2674b7099df13cc41fc5fa6e2f6d3b0330b0426"
            ],
            "markers": "python_version >= '3.7'",
            "version": "==5.0.5"
        },
        "wcwidth": {
            "hashes": [
                "sha256:beb4802a9cebb9144e99086eff703a642a13d6a0052920003a230f3294bbe784",
                "sha256:c4d647b99872929fdb7bdcaa4fbe7f01413ed3d98077df798530e5b04f116c83"
            ],
            "version": "==0.2.5"
        }
    },
    "develop": {}
}
